# THIS IS AN AUTOGENERATED FILE. DO NOT EDIT THIS FILE DIRECTLY.
# yarn lockfile v1


react-webcam@^6.0.0:
  version "6.0.0"
  resolved "https://registry.yarnpkg.com/react-webcam/-/react-webcam-6.0.0.tgz#46dd9ba44cebe6bf3cc4ea2ff09d12243900abfa"
  integrity sha512-pw7067WYnDHRjAXYXrsLeig9/AAxCFDnnaEJzZ5ep6UZoYMqF4UNRtVkeTk0LotpwqT/c8vHisn/+QodNbUsQA==
